
Microsoft Visual Studio Solution File, Format Version 12.00
# Visual Studio 15
VisualStudioVersion = 15.0.28307.421
MinimumVisualStudioVersion = 10.0.40219.1
Project("{FAE04EC0-301F-11D3-BF4B-00C04F79EFBC}") = "StudioAT.Utilities.SnippingOCR", "StudioAT.Utilities.SnippingOCR.csproj", "{24EB5886-94A6-459A-B19F-74F6CD274AFB}"
EndProject
Global
	GlobalSection(SolutionConfigurationPlatforms) = preSolution
		Debug|Any CPU = Debug|Any CPU
		Release|Any CPU = Release|Any CPU
	EndGlobalSection
	GlobalSection(ProjectConfigurationPlatforms) = postSolution
		{24EB5886-94A6-459A-B19F-74F6CD274AFB}.Debug|Any CPU.ActiveCfg = Debug|Any CPU
		{24EB5886-94A6-459A-B19F-74F6CD274AFB}.Debug|Any CPU.Build.0 = Debug|Any CPU
		{24EB5886-94A6-459A-B19F-74F6CD274AFB}.Release|Any CPU.ActiveCfg = Release|Any CPU
		{24EB5886-94A6-459A-B19F-74F6CD274AFB}.Release|Any CPU.Build.0 = Release|Any CPU
	EndGlobalSection
	GlobalSection(SolutionProperties) = preSolution
		HideSolutionNode = FALSE
	EndGlobalSection
	GlobalSection(ExtensibilityGlobals) = postSolution
		SolutionGuid = {915E4AB1-B23E-49E7-B509-76D5A767C13F}
	EndGlobalSection
EndGlobal
